<?xml version="1.0" encoding="utf-8"?>
<Project ToolsVersion="4.0" xmlns="http://schemas.microsoft.com/developer/msbuild/2003">
  <ItemGroup>
    <Filter Include="ソース ファイル">
      <UniqueIdentifier>{4FC737F1-C7A5-4376-A066-2A32D752A2FF}</UniqueIdentifier>
      <Extensions>cpp;c;cc;cxx;def;odl;idl;hpj;bat;asm;asmx</Extensions>
    </Filter>
    <Filter Include="ヘッダー ファイル">
      <UniqueIdentifier>{93995380-89BD-4b04-88EB-625FBE52EBFB}</UniqueIdentifier>
      <Extensions>h;hpp;hxx;hm;inl;inc;xsd</Extensions>
    </Filter>
    <Filter Include="リソース ファイル">
      <UniqueIdentifier>{67DA6AB6-F800-4c08-8B7A-83BB121AAD01}</UniqueIdentifier>
      <Extensions>rc;ico;cur;bmp;dlg;rc2;rct;bin;rgs;gif;jpg;jpeg;jpe;resx;tiff;tif;png;wav;mfcribbon-ms</Extensions>
    </Filter>
    <Filter Include="ソース ファイル\component">
      <UniqueIdentifier>{0329f4b2-b6f8-4e06-a95b-2494e97c7529}</UniqueIdentifier>
    </Filter>
    <Filter Include="ヘッダー ファイル\component">
      <UniqueIdentifier>{54cf1f2e-5b84-40e7-8835-090ecf3e35f3}</UniqueIdentifier>
    </Filter>
    <Filter Include="ヘッダー ファイル\Animator">
      <UniqueIdentifier>{5814934b-d252-48d4-8748-87134a98485d}</UniqueIdentifier>
    </Filter>
    <Filter Include="ソース ファイル\Animator">
      <UniqueIdentifier>{96d2ccd0-6928-4ebe-b973-3544ad125e65}</UniqueIdentifier>
    </Filter>
  </ItemGroup>
  <ItemGroup>
    <ClCompile Include="GameApp.cpp">
      <Filter>ソース ファイル</Filter>
    </ClCompile>
    <ClCompile Include="WinMain.cpp">
      <Filter>ソース ファイル</Filter>
    </ClCompile>
    <ClCompile Include="GameObject.cpp">
      <Filter>ソース ファイル</Filter>
    </ClCompile>
    <ClCompile Include="entity_2d.cpp">
      <Filter>ソース ファイル\component</Filter>
    </ClCompile>
    <ClCompile Include="Component.cpp">
      <Filter>ソース ファイル\component</Filter>
    </ClCompile>
    <ClCompile Include="position.cpp">
      <Filter>ソース ファイル\component</Filter>
    </ClCompile>
    <ClCompile Include="collider_2d_box.cpp">
      <Filter>ソース ファイル\component</Filter>
    </ClCompile>
    <ClCompile Include="collider_2d.cpp">
      <Filter>ソース ファイル</Filter>
    </ClCompile>
    <ClCompile Include="RigidBody2D.cpp">
      <Filter>ソース ファイル\component</Filter>
    </ClCompile>
    <ClCompile Include="rigidbody.cpp">
      <Filter>ソース ファイル</Filter>
    </ClCompile>
    <ClCompile Include="input_observer.cpp">
      <Filter>ソース ファイル\component</Filter>
    </ClCompile>
    <ClCompile Include="sprite_renderer.cpp">
      <Filter>ソース ファイル\component</Filter>
    </ClCompile>
    <ClCompile Include="kadai3.cpp">
      <Filter>ソース ファイル</Filter>
    </ClCompile>
    <ClCompile Include="Animator.cpp">
      <Filter>ソース ファイル\Animator</Filter>
    </ClCompile>
    <ClCompile Include="Sprite.cpp">
      <Filter>ソース ファイル</Filter>
    </ClCompile>
    <ClCompile Include="SpriteManager.cpp">
      <Filter>ソース ファイル</Filter>
    </ClCompile>
    <ClCompile Include="kadai4.cpp">
      <Filter>ソース ファイル</Filter>
    </ClCompile>
    <ClCompile Include="Scene.cpp">
      <Filter>ソース ファイル</Filter>
    </ClCompile>
    <ClCompile Include="Object.cpp">
      <Filter>ソース ファイル</Filter>
    </ClCompile>
  </ItemGroup>
  <ItemGroup>
    <ClInclude Include="Subject.h">
      <Filter>ヘッダー ファイル</Filter>
    </ClInclude>
    <ClInclude Include="GameApp.h">
      <Filter>ヘッダー ファイル</Filter>
    </ClInclude>
    <ClInclude Include="GameObject.h">
      <Filter>ヘッダー ファイル</Filter>
    </ClInclude>
    <ClInclude Include="entity_2d.h">
      <Filter>ヘッダー ファイル\component</Filter>
    </ClInclude>
    <ClInclude Include="Component.h">
      <Filter>ヘッダー ファイル\component</Filter>
    </ClInclude>
    <ClInclude Include="position.h">
      <Filter>ヘッダー ファイル\component</Filter>
    </ClInclude>
    <ClInclude Include="collider_2d_box.h">
      <Filter>ヘッダー ファイル\component</Filter>
    </ClInclude>
    <ClInclude Include="collider_2d.h">
      <Filter>ヘッダー ファイル</Filter>
    </ClInclude>
    <ClInclude Include="RigidBody2D.h">
      <Filter>ヘッダー ファイル\component</Filter>
    </ClInclude>
    <ClInclude Include="rigidbody.h">
      <Filter>ヘッダー ファイル</Filter>
    </ClInclude>
    <ClInclude Include="componen_headert.h">
      <Filter>ヘッダー ファイル\component</Filter>
    </ClInclude>
    <ClInclude Include="SpriteRenderer.h">
      <Filter>ヘッダー ファイル\component</Filter>
    </ClInclude>
    <ClInclude Include="input_observer.h">
      <Filter>ヘッダー ファイル\component</Filter>
    </ClInclude>
    <ClInclude Include="kadai3.h">
      <Filter>ヘッダー ファイル</Filter>
    </ClInclude>
    <ClInclude Include="Animator.h">
      <Filter>ヘッダー ファイル\Animator</Filter>
    </ClInclude>
    <ClInclude Include="Sprite.h">
      <Filter>ヘッダー ファイル</Filter>
    </ClInclude>
    <ClInclude Include="SpriteManager.h">
      <Filter>ヘッダー ファイル</Filter>
    </ClInclude>
    <ClInclude Include="IAnimatable.h">
      <Filter>ヘッダー ファイル\Animator</Filter>
    </ClInclude>
    <ClInclude Include="kadai4.h">
      <Filter>ヘッダー ファイル</Filter>
    </ClInclude>
    <ClInclude Include="Scene.h">
      <Filter>ヘッダー ファイル</Filter>
    </ClInclude>
    <ClInclude Include="Object.h">
      <Filter>ヘッダー ファイル</Filter>
    </ClInclude>
  </ItemGroup>
  <ItemGroup>
    <ResourceCompile Include="Version.rc">
      <Filter>リソース ファイル</Filter>
    </ResourceCompile>
  </ItemGroup>
  <ItemGroup>
    <Image Include="..\Resource\texture.png">
      <Filter>リソース ファイル</Filter>
    </Image>
    <Image Include="..\Resource\texture01.png">
      <Filter>リソース ファイル</Filter>
    </Image>
    <Image Include="..\Resource\texture02.png">
      <Filter>リソース ファイル</Filter>
    </Image>
  </ItemGroup>
</Project>