<?xml version="1.0" encoding="utf-8"?>
<Project ToolsVersion="4.0" xmlns="http://schemas.microsoft.com/developer/msbuild/2003">
  <ItemGroup>
    <Filter Include="ソース ファイル">
      <UniqueIdentifier>{4FC737F1-C7A5-4376-A066-2A32D752A2FF}</UniqueIdentifier>
      <Extensions>cpp;c;cc;cxx;def;odl;idl;hpj;bat;asm;asmx</Extensions>
    </Filter>
    <Filter Include="ヘッダー ファイル">
      <UniqueIdentifier>{93995380-89BD-4b04-88EB-625FBE52EBFB}</UniqueIdentifier>
      <Extensions>h;hpp;hxx;hm;inl;inc;xsd</Extensions>
    </Filter>
    <Filter Include="リソース ファイル">
      <UniqueIdentifier>{67DA6AB6-F800-4c08-8B7A-83BB121AAD01}</UniqueIdentifier>
      <Extensions>rc;ico;cur;bmp;dlg;rc2;rct;bin;rgs;gif;jpg;jpeg;jpe;resx;tiff;tif;png;wav;mfcribbon-ms</Extensions>
    </Filter>
    <Filter Include="ソース ファイル\component">
      <UniqueIdentifier>{0329f4b2-b6f8-4e06-a95b-2494e97c7529}</UniqueIdentifier>
    </Filter>
    <Filter Include="ヘッダー ファイル\component">
      <UniqueIdentifier>{54cf1f2e-5b84-40e7-8835-090ecf3e35f3}</UniqueIdentifier>
    </Filter>
    <Filter Include="ヘッダー ファイル\Animator">
      <UniqueIdentifier>{5814934b-d252-48d4-8748-87134a98485d}</UniqueIdentifier>
    </Filter>
    <Filter Include="ソース ファイル\Animator">
      <UniqueIdentifier>{96d2ccd0-6928-4ebe-b973-3544ad125e65}</UniqueIdentifier>
    </Filter>
    <Filter Include="ヘッダー ファイル\component\Collider">
      <UniqueIdentifier>{75e6b7e5-f62e-47c2-bb58-2e2ee34465bf}</UniqueIdentifier>
    </Filter>
    <Filter Include="ソース ファイル\component\Collision">
      <UniqueIdentifier>{8153947b-221c-4eae-b7bf-5252ff293d3c}</UniqueIdentifier>
    </Filter>
    <Filter Include="ヘッダー ファイル\component\Collider\Collision">
      <UniqueIdentifier>{9d91a476-c360-40e8-8e26-024197006646}</UniqueIdentifier>
    </Filter>
  </ItemGroup>
  <ItemGroup>
    <ClCompile Include="Src\cpp\GameApp.cpp">
      <Filter>ソース ファイル</Filter>
    </ClCompile>
    <ClCompile Include="WinMain.cpp">
      <Filter>ソース ファイル</Filter>
    </ClCompile>
    <ClCompile Include="Src\cpp\GameObject.cpp">
      <Filter>ソース ファイル</Filter>
    </ClCompile>
    <ClCompile Include="Src\cpp\entity_2d.cpp">
      <Filter>ソース ファイル\component</Filter>
    </ClCompile>
    <ClCompile Include="Src\cpp\Component.cpp">
      <Filter>ソース ファイル\component</Filter>
    </ClCompile>
    <ClCompile Include="Src\cpp\position.cpp">
      <Filter>ソース ファイル\component</Filter>
    </ClCompile>
    <ClCompile Include="Src\cpp\collider_2d_box.cpp">
      <Filter>ソース ファイル\component</Filter>
    </ClCompile>
    <ClCompile Include="Src\cpp\RigidBody2D.cpp">
      <Filter>ソース ファイル\component</Filter>
    </ClCompile>
    <ClCompile Include="Src\cpp\rigidbody.cpp">
      <Filter>ソース ファイル</Filter>
    </ClCompile>
    <ClCompile Include="Src\cpp\input_observer.cpp">
      <Filter>ソース ファイル\component</Filter>
    </ClCompile>
    <ClCompile Include="Src\cpp\sprite_renderer.cpp">
      <Filter>ソース ファイル\component</Filter>
    </ClCompile>
    <ClCompile Include="Src\cpp\kadai3.cpp">
      <Filter>ソース ファイル</Filter>
    </ClCompile>
    <ClCompile Include="Src\cpp\Animator.cpp">
      <Filter>ソース ファイル\Animator</Filter>
    </ClCompile>
    <ClCompile Include="Src\cpp\Sprite.cpp">
      <Filter>ソース ファイル</Filter>
    </ClCompile>
    <ClCompile Include="Src\cpp\SpriteManager.cpp">
      <Filter>ソース ファイル</Filter>
    </ClCompile>
    <ClCompile Include="Src\cpp\kadai4.cpp">
      <Filter>ソース ファイル</Filter>
    </ClCompile>
    <ClCompile Include="Src\cpp\Scene.cpp">
      <Filter>ソース ファイル</Filter>
    </ClCompile>
    <ClCompile Include="Src\cpp\Object.cpp">
      <Filter>ソース ファイル</Filter>
    </ClCompile>
    <ClCompile Include="Src\cpp\collider_2d.cpp">
      <Filter>ソース ファイル\component</Filter>
    </ClCompile>
    <ClCompile Include="Src\cpp\CollisionCircle.cpp">
      <Filter>ソース ファイル\component\Collision</Filter>
    </ClCompile>
    <ClCompile Include="Src\cpp\CollisionPoint.cpp">
      <Filter>ソース ファイル\component\Collision</Filter>
    </ClCompile>
    <ClCompile Include="Src\cpp\CollisionRect.cpp">
      <Filter>ソース ファイル\component\Collision</Filter>
    </ClCompile>
    <ClCompile Include="Src\cpp\IShapeStrategy.cpp">
      <Filter>ソース ファイル</Filter>
    </ClCompile>
    <ClCompile Include="Src\cpp\Shape.cpp">
      <Filter>ソース ファイル</Filter>
    </ClCompile>
    <ClCompile Include="Src\cpp\kadai5.cpp">
      <Filter>ソース ファイル</Filter>
    </ClCompile>
  </ItemGroup>
  <ItemGroup>
    <ClInclude Include="Src\Header\Subject.h">
      <Filter>ヘッダー ファイル</Filter>
    </ClInclude>
    <ClInclude Include="Src\Header\GameApp.h">
      <Filter>ヘッダー ファイル</Filter>
    </ClInclude>
    <ClInclude Include="Src\Header\GameObject.h">
      <Filter>ヘッダー ファイル</Filter>
    </ClInclude>
    <ClInclude Include="Src\Header\entity_2d.h">
      <Filter>ヘッダー ファイル\component</Filter>
    </ClInclude>
    <ClInclude Include="Src\Header\Component.h">
      <Filter>ヘッダー ファイル\component</Filter>
    </ClInclude>
    <ClInclude Include="Src\Header\position.h">
      <Filter>ヘッダー ファイル\component</Filter>
    </ClInclude>
    <ClInclude Include="Src\Header\RigidBody2D.h">
      <Filter>ヘッダー ファイル\component</Filter>
    </ClInclude>
    <ClInclude Include="Src\Header\rigidbody.h">
      <Filter>ヘッダー ファイル</Filter>
    </ClInclude>
    <ClInclude Include="Src\Header\componen_headert.h">
      <Filter>ヘッダー ファイル\component</Filter>
    </ClInclude>
    <ClInclude Include="Src\Header\SpriteRenderer.h">
      <Filter>ヘッダー ファイル\component</Filter>
    </ClInclude>
    <ClInclude Include="Src\Header\input_observer.h">
      <Filter>ヘッダー ファイル\component</Filter>
    </ClInclude>
    <ClInclude Include="Src\Header\kadai3.h">
      <Filter>ヘッダー ファイル</Filter>
    </ClInclude>
    <ClInclude Include="Src\Header\Animator.h">
      <Filter>ヘッダー ファイル\Animator</Filter>
    </ClInclude>
    <ClInclude Include="Src\Header\Sprite.h">
      <Filter>ヘッダー ファイル</Filter>
    </ClInclude>
    <ClInclude Include="Src\Header\SpriteManager.h">
      <Filter>ヘッダー ファイル</Filter>
    </ClInclude>
    <ClInclude Include="Src\Header\IAnimatable.h">
      <Filter>ヘッダー ファイル\Animator</Filter>
    </ClInclude>
    <ClInclude Include="Src\Header\kadai4.h">
      <Filter>ヘッダー ファイル</Filter>
    </ClInclude>
    <ClInclude Include="Src\Header\Scene.h">
      <Filter>ヘッダー ファイル</Filter>
    </ClInclude>
    <ClInclude Include="Src\Header\Object.h">
      <Filter>ヘッダー ファイル</Filter>
    </ClInclude>
    <ClInclude Include="Src\Header\ICollision.h">
      <Filter>ヘッダー ファイル\component\Collider</Filter>
    </ClInclude>
    <ClInclude Include="Src\Header\Collider2DBox.h">
      <Filter>ヘッダー ファイル\component\Collider</Filter>
    </ClInclude>
    <ClInclude Include="Src\Header\collider_2d.h">
      <Filter>ヘッダー ファイル\component\Collider</Filter>
    </ClInclude>
    <ClInclude Include="Src\Header\CollisionRect.h">
      <Filter>ヘッダー ファイル\component\Collider\Collision</Filter>
    </ClInclude>
    <ClInclude Include="Src\Header\CollisionCircle.h">
      <Filter>ヘッダー ファイル\component\Collider\Collision</Filter>
    </ClInclude>
    <ClInclude Include="Src\Header\CollisionPoint.h">
      <Filter>ヘッダー ファイル\component\Collider\Collision</Filter>
    </ClInclude>
    <ClInclude Include="Src\Header\IShapeStrategy.h">
      <Filter>ヘッダー ファイル</Filter>
    </ClInclude>
    <ClInclude Include="Src\Header\Shape.h">
      <Filter>ヘッダー ファイル</Filter>
    </ClInclude>
    <ClInclude Include="Src\Header\ShapeStrategy.h">
      <Filter>ヘッダー ファイル</Filter>
    </ClInclude>
    <ClInclude Include="Src\Header\kadai5.h">
      <Filter>ヘッダー ファイル</Filter>
    </ClInclude>
  </ItemGroup>
  <ItemGroup>
    <ResourceCompile Include="Version.rc">
      <Filter>リソース ファイル</Filter>
    </ResourceCompile>
  </ItemGroup>
  <ItemGroup>
    <Image Include="..\Resource\texture.png">
      <Filter>リソース ファイル</Filter>
    </Image>
    <Image Include="..\Resource\texture01.png">
      <Filter>リソース ファイル</Filter>
    </Image>
    <Image Include="..\Resource\texture02.png">
      <Filter>リソース ファイル</Filter>
    </Image>
  </ItemGroup>
</Project>